
Microsoft Visual Studio Solution File, Format Version 10.00
# Visual Studio 2008
Project("{FAE04EC0-301F-11D3-BF4B-00C04F79EFBC}") = "TaxAideFlashShare", "Tax-AideFlashShare\TaxAideFlashShare.csproj", "{5242C39F-B5EB-485C-8D0E-3CE807B130F0}"
EndProject
Global
	GlobalSection(SolutionConfigurationPlatforms) = preSolution
		Debug|Any CPU = Debug|Any CPU
		Release|Any CPU = Release|Any CPU
	EndGlobalSection
	GlobalSection(ProjectConfigurationPlatforms) = postSolution
		{5242C39F-B5EB-485C-8D0E-3CE807B130F0}.Debug|Any CPU.ActiveCfg = Debug|Any CPU
		{5242C39F-B5EB-485C-8D0E-3CE807B130F0}.Debug|Any CPU.Build.0 = Debug|Any CPU
		{5242C39F-B5EB-485C-8D0E-3CE807B130F0}.Release|Any CPU.ActiveCfg = Release|Any CPU
		{5242C39F-B5EB-485C-8D0E-3CE807B130F0}.Release|Any CPU.Build.0 = Release|Any CPU
	EndGlobalSection
	GlobalSection(SolutionProperties) = preSolution
		HideSolutionNode = FALSE
	EndGlobalSection
EndGlobal
