
Microsoft Visual Studio Solution File, Format Version 10.00
# Visual Studio 2008
Project("{FAE04EC0-301F-11D3-BF4B-00C04F79EFBC}") = "TaxAideDeleteShr", "TaxAideDeleteShr.csproj", "{DB6E8270-EE0B-4068-9101-4F62DB8452E7}"
EndProject
Global
	GlobalSection(SolutionConfigurationPlatforms) = preSolution
		Debug|Any CPU = Debug|Any CPU
		Release|Any CPU = Release|Any CPU
	EndGlobalSection
	GlobalSection(ProjectConfigurationPlatforms) = postSolution
		{DB6E8270-EE0B-4068-9101-4F62DB8452E7}.Debug|Any CPU.ActiveCfg = Debug|Any CPU
		{DB6E8270-EE0B-4068-9101-4F62DB8452E7}.Debug|Any CPU.Build.0 = Debug|Any CPU
		{DB6E8270-EE0B-4068-9101-4F62DB8452E7}.Release|Any CPU.ActiveCfg = Release|Any CPU
		{DB6E8270-EE0B-4068-9101-4F62DB8452E7}.Release|Any CPU.Build.0 = Release|Any CPU
	EndGlobalSection
	GlobalSection(SolutionProperties) = preSolution
		HideSolutionNode = FALSE
	EndGlobalSection
EndGlobal
